
Microsoft Visual Studio Solution File, Format Version 12.00
# Visual Studio Version 17
VisualStudioVersion = 17.3.32901.215
MinimumVisualStudioVersion = 10.0.40219.1
Project("{FAE04EC0-301F-11D3-BF4B-00C04F79EFBC}") = "bolum2-uygulama32", "bolum2-uygulama32\bolum2-uygulama32.csproj", "{D8288292-AF55-411A-9651-FEC822D0B10F}"
EndProject
Global
	GlobalSection(SolutionConfigurationPlatforms) = preSolution
		Debug|Any CPU = Debug|Any CPU
		Release|Any CPU = Release|Any CPU
	EndGlobalSection
	GlobalSection(ProjectConfigurationPlatforms) = postSolution
		{D8288292-AF55-411A-9651-FEC822D0B10F}.Debug|Any CPU.ActiveCfg = Debug|Any CPU
		{D8288292-AF55-411A-9651-FEC822D0B10F}.Debug|Any CPU.Build.0 = Debug|Any CPU
		{D8288292-AF55-411A-9651-FEC822D0B10F}.Release|Any CPU.ActiveCfg = Release|Any CPU
		{D8288292-AF55-411A-9651-FEC822D0B10F}.Release|Any CPU.Build.0 = Release|Any CPU
	EndGlobalSection
	GlobalSection(SolutionProperties) = preSolution
		HideSolutionNode = FALSE
	EndGlobalSection
	GlobalSection(ExtensibilityGlobals) = postSolution
		SolutionGuid = {C627D211-5D01-4F88-A750-706211154543}
	EndGlobalSection
EndGlobal
